
Microsoft Visual Studio Solution File, Format Version 12.00
# Visual Studio Version 17
VisualStudioVersion = 17.4.33205.214
MinimumVisualStudioVersion = 10.0.40219.1
Project("{FAE04EC0-301F-11D3-BF4B-00C04F79EFBC}") = "StockQuoteAlertApp", "StockQuoteAlertApp\StockQuoteAlertApp.csproj", "{0BC93DA0-12BE-407F-B4EA-42C457FCA954}"
EndProject
Global
	GlobalSection(SolutionConfigurationPlatforms) = preSolution
		Debug|Any CPU = Debug|Any CPU
		Release|Any CPU = Release|Any CPU
	EndGlobalSection
	GlobalSection(ProjectConfigurationPlatforms) = postSolution
		{0BC93DA0-12BE-407F-B4EA-42C457FCA954}.Debug|Any CPU.ActiveCfg = Debug|Any CPU
		{0BC93DA0-12BE-407F-B4EA-42C457FCA954}.Debug|Any CPU.Build.0 = Debug|Any CPU
		{0BC93DA0-12BE-407F-B4EA-42C457FCA954}.Release|Any CPU.ActiveCfg = Release|Any CPU
		{0BC93DA0-12BE-407F-B4EA-42C457FCA954}.Release|Any CPU.Build.0 = Release|Any CPU
	EndGlobalSection
	GlobalSection(SolutionProperties) = preSolution
		HideSolutionNode = FALSE
	EndGlobalSection
	GlobalSection(ExtensibilityGlobals) = postSolution
		SolutionGuid = {95668C5F-6F3D-4E51-BF2B-68F3151C6153}
	EndGlobalSection
EndGlobal
